
Microsoft Visual Studio Solution File, Format Version 12.00
Project("{FAE04EC0-301F-11D3-BF4B-00C04F79EFBC}") = "CompSci", "CompSci.csproj", "{EF6501E8-B784-4A0E-9813-D57F1F06F04F}"
EndProject
Project("{2150E333-8FDC-42A3-9474-1A3956D46DE8}") = "Solution Items", "Solution Items", "{A0766191-8CDD-4FD1-AE3B-E5DD21298718}"
	ProjectSection(SolutionItems) = preProject
		compose.yaml = compose.yaml
	EndProjectSection
EndProject
Global
	GlobalSection(SolutionConfigurationPlatforms) = preSolution
		Debug|Any CPU = Debug|Any CPU
		Release|Any CPU = Release|Any CPU
	EndGlobalSection
	GlobalSection(ProjectConfigurationPlatforms) = postSolution
		{EF6501E8-B784-4A0E-9813-D57F1F06F04F}.Debug|Any CPU.ActiveCfg = Debug|Any CPU
		{EF6501E8-B784-4A0E-9813-D57F1F06F04F}.Debug|Any CPU.Build.0 = Debug|Any CPU
		{EF6501E8-B784-4A0E-9813-D57F1F06F04F}.Release|Any CPU.ActiveCfg = Release|Any CPU
		{EF6501E8-B784-4A0E-9813-D57F1F06F04F}.Release|Any CPU.Build.0 = Release|Any CPU
	EndGlobalSection
EndGlobal
